
Microsoft Visual Studio Solution File, Format Version 12.00
# Visual Studio Version 17
VisualStudioVersion = 17.4.33213.308
MinimumVisualStudioVersion = 10.0.40219.1
Project("{2150E333-8FDC-42A3-9474-1A3956D46DE8}") = "website", "website", "{BDB4412B-972D-4701-A8A0-28710903F047}"
	ProjectSection(SolutionItems) = preProject
		index.html = index.html
		Styles.css = Styles.css
	EndProjectSection
EndProject
Project("{2150E333-8FDC-42A3-9474-1A3956D46DE8}") = "Solution Items", "Solution Items", "{73714323-5616-4379-8549-BD7CC68AA2AE}"
	ProjectSection(SolutionItems) = preProject
		logo.png = logo.png
	EndProjectSection
EndProject
Global
	GlobalSection(SolutionProperties) = preSolution
		HideSolutionNode = FALSE
	EndGlobalSection
	GlobalSection(ExtensibilityGlobals) = postSolution
		SolutionGuid = {BC354F3E-321A-4B0D-A03A-A4828EF68173}
	EndGlobalSection
EndGlobal
